{
  "originHash" : "c8abfa3cdea573bdb7b39a88434ead5158c5f6b6a0344824ff93c750d4259758",
  "pins" : [
    {
      "identity" : "atomic",
      "kind" : "remoteSourceControl",
      "location" : "https://github.com/space-code/atomic",
      "state" : {
        "revision" : "6304c805e9d97fe1239bcde561234d857164cb10",
        "version" : "1.1.0"
      }
    },
    {
      "identity" : "mocker",
      "kind" : "remoteSourceControl",
      "location" : "https://github.com/WeTransfer/Mocker",
      "state" : {
        "revision" : "4384e015cae4916a6828252467a4437173c7ae17",
        "version" : "3.0.1"
      }
    },
    {
      "identity" : "typhoon",
      "kind" : "remoteSourceControl",
      "location" : "https://github.com/space-code/typhoon",
      "state" : {
        "revision" : "5865671564c5b443a9a28d2f1dbb69bccbb5931c",
        "version" : "1.2.1"
      }
    }
  ],
  "version" : 3
}
