{
  "pins" : [
    {
      "identity" : "atomic",
      "kind" : "remoteSourceControl",
      "location" : "https://github.com/space-code/atomic",
      "state" : {
        "revision" : "6a1473440c31c6debf1de2404265949ed7892b14",
        "version" : "1.0.1"
      }
    },
    {
      "identity" : "mocker",
      "kind" : "remoteSourceControl",
      "location" : "https://github.com/WeTransfer/Mocker",
      "state" : {
        "revision" : "4384e015cae4916a6828252467a4437173c7ae17",
        "version" : "3.0.1"
      }
    },
    {
      "identity" : "typhoon",
      "kind" : "remoteSourceControl",
      "location" : "https://github.com/space-code/typhoon",
      "state" : {
        "revision" : "ed25d1d0736de0dc377615c371165095a8fa1f48",
        "version" : "1.1.0"
      }
    }
  ],
  "version" : 2
}
